
Microsoft Visual Studio Solution File, Format Version 12.00
# Visual Studio Version 16
VisualStudioVersion = 16.0.31515.178
MinimumVisualStudioVersion = 10.0.40219.1
Project("{FAE04EC0-301F-11D3-BF4B-00C04F79EFBC}") = "Customer", "Customer.csproj", "{BC6E5862-3CEC-42FB-8ADD-B1D5337E2BAE}"
EndProject
Project("{FAE04EC0-301F-11D3-BF4B-00C04F79EFBC}") = "Customer.BusinessLayer", "..\Customer.BusinessLayer\Customer.BusinessLayer.csproj", "{AF0C2F47-C14C-4A42-869F-118E6C7D8BF1}"
EndProject
Project("{FAE04EC0-301F-11D3-BF4B-00C04F79EFBC}") = "Customer.DataLayer", "..\Customer.DataLayer\Customer.DataLayer.csproj", "{E2EFD410-69EF-4142-8868-ECC74F7031B1}"
EndProject
Project("{FAE04EC0-301F-11D3-BF4B-00C04F79EFBC}") = "Customer.Entities", "..\Customer.Entities\Customer.Entities.csproj", "{9914C9EF-23D3-48EB-8955-E8A96631D627}"
EndProject
Project("{FAE04EC0-301F-11D3-BF4B-00C04F79EFBC}") = "Customer.Tests", "..\Customer.Tests\Customer.Tests.csproj", "{37252705-499D-48E8-BDAF-CE19E1032714}"
EndProject
Global
	GlobalSection(SolutionConfigurationPlatforms) = preSolution
		Debug|Any CPU = Debug|Any CPU
		Release|Any CPU = Release|Any CPU
	EndGlobalSection
	GlobalSection(ProjectConfigurationPlatforms) = postSolution
		{BC6E5862-3CEC-42FB-8ADD-B1D5337E2BAE}.Debug|Any CPU.ActiveCfg = Debug|Any CPU
		{BC6E5862-3CEC-42FB-8ADD-B1D5337E2BAE}.Debug|Any CPU.Build.0 = Debug|Any CPU
		{BC6E5862-3CEC-42FB-8ADD-B1D5337E2BAE}.Release|Any CPU.ActiveCfg = Release|Any CPU
		{BC6E5862-3CEC-42FB-8ADD-B1D5337E2BAE}.Release|Any CPU.Build.0 = Release|Any CPU
		{AF0C2F47-C14C-4A42-869F-118E6C7D8BF1}.Debug|Any CPU.ActiveCfg = Debug|Any CPU
		{AF0C2F47-C14C-4A42-869F-118E6C7D8BF1}.Debug|Any CPU.Build.0 = Debug|Any CPU
		{AF0C2F47-C14C-4A42-869F-118E6C7D8BF1}.Release|Any CPU.ActiveCfg = Release|Any CPU
		{AF0C2F47-C14C-4A42-869F-118E6C7D8BF1}.Release|Any CPU.Build.0 = Release|Any CPU
		{E2EFD410-69EF-4142-8868-ECC74F7031B1}.Debug|Any CPU.ActiveCfg = Debug|Any CPU
		{E2EFD410-69EF-4142-8868-ECC74F7031B1}.Debug|Any CPU.Build.0 = Debug|Any CPU
		{E2EFD410-69EF-4142-8868-ECC74F7031B1}.Release|Any CPU.ActiveCfg = Release|Any CPU
		{E2EFD410-69EF-4142-8868-ECC74F7031B1}.Release|Any CPU.Build.0 = Release|Any CPU
		{9914C9EF-23D3-48EB-8955-E8A96631D627}.Debug|Any CPU.ActiveCfg = Debug|Any CPU
		{9914C9EF-23D3-48EB-8955-E8A96631D627}.Debug|Any CPU.Build.0 = Debug|Any CPU
		{9914C9EF-23D3-48EB-8955-E8A96631D627}.Release|Any CPU.ActiveCfg = Release|Any CPU
		{9914C9EF-23D3-48EB-8955-E8A96631D627}.Release|Any CPU.Build.0 = Release|Any CPU
		{37252705-499D-48E8-BDAF-CE19E1032714}.Debug|Any CPU.ActiveCfg = Debug|Any CPU
		{37252705-499D-48E8-BDAF-CE19E1032714}.Debug|Any CPU.Build.0 = Debug|Any CPU
		{37252705-499D-48E8-BDAF-CE19E1032714}.Release|Any CPU.ActiveCfg = Release|Any CPU
		{37252705-499D-48E8-BDAF-CE19E1032714}.Release|Any CPU.Build.0 = Release|Any CPU
	EndGlobalSection
	GlobalSection(SolutionProperties) = preSolution
		HideSolutionNode = FALSE
	EndGlobalSection
	GlobalSection(ExtensibilityGlobals) = postSolution
		SolutionGuid = {4F3A376C-A4E3-4BE0-819F-BD5D6DF0D753}
	EndGlobalSection
EndGlobal
